
Microsoft Visual Studio Solution File, Format Version 12.00
# Visual Studio 2013
VisualStudioVersion = 12.0.30110.0
MinimumVisualStudioVersion = 10.0.40219.1
Project("{2150E333-8FDC-42A3-9474-1A3956D46DE8}") = "Web", "Web", "{09774FA3-19A2-4FC7-BC05-7A3171CD5D09}"
EndProject
Project("{2150E333-8FDC-42A3-9474-1A3956D46DE8}") = "Assemblies", "Assemblies", "{96292153-4F46-4E97-A458-D6C989AD56F5}"
EndProject
Project("{2150E333-8FDC-42A3-9474-1A3956D46DE8}") = "Solution Items", "Solution Items", "{A20B28E3-49CC-40FC-996B-9EAD29B5D39A}"
	ProjectSection(SolutionItems) = preProject
		.jshintignore = .jshintignore
		.jshintrc = .jshintrc
		Renterator.publickey = Renterator.publickey
		Renterator.snk = Renterator.snk
		WE-browsers.xml = WE-browsers.xml
		WebEssentials-Settings.json = WebEssentials-Settings.json
	EndProjectSection
EndProject
Project("{2150E333-8FDC-42A3-9474-1A3956D46DE8}") = "SQL", "SQL", "{CD1D0D4C-FF23-4726-B965-D0FD987E5FA3}"
EndProject
Project("{2150E333-8FDC-42A3-9474-1A3956D46DE8}") = "Tests", "Tests", "{2E80D126-7B75-4919-897B-B5FFD6135835}"
EndProject
Project("{FAE04EC0-301F-11D3-BF4B-00C04F79EFBC}") = "Renterator.Web", "Web\Renterator.Web\Renterator.Web.csproj", "{9908C437-78BC-4D0A-8894-0BEC590E4459}"
EndProject
Project("{FAE04EC0-301F-11D3-BF4B-00C04F79EFBC}") = "Renterator.Common", "Assemblies\Renterator.Common\Renterator.Common.csproj", "{4D807E21-219D-4929-89B8-F0ED1F7C013B}"
EndProject
Project("{FAE04EC0-301F-11D3-BF4B-00C04F79EFBC}") = "Renterator.DataAccess", "Assemblies\Renterator.DataAccess\Renterator.DataAccess.csproj", "{7F935426-6B46-4354-8E1D-43E71EE718B1}"
EndProject
Project("{FAE04EC0-301F-11D3-BF4B-00C04F79EFBC}") = "Renterator.Services", "Assemblies\Renterator.Services\Renterator.Services.csproj", "{D6AD8FE1-FD3E-49FC-B356-A0366017A861}"
EndProject
Project("{00D1A9C2-B5F0-4AF3-8072-F6C62B433612}") = "Renterator.SQL", "Sql\Renterator.SQL\Renterator.SQL.sqlproj", "{7CE5FFBE-C8BD-45A3-850B-3C765BB98396}"
EndProject
Project("{FAE04EC0-301F-11D3-BF4B-00C04F79EFBC}") = "Renterator.DataAccess.Tests", "Tests\Renterator.DataAccess.Tests\Renterator.DataAccess.Tests.csproj", "{92A059BC-0ADF-42EC-AC40-2F2467A56BA3}"
EndProject
Project("{FAE04EC0-301F-11D3-BF4B-00C04F79EFBC}") = "Renterator.Services.Tests", "Tests\Renterator.Services.Tests\Renterator.Services.Tests.csproj", "{F55572F3-3352-48BC-8C35-9D1CA9C7799C}"
EndProject
Global
	GlobalSection(SolutionConfigurationPlatforms) = preSolution
		Debug|Any CPU = Debug|Any CPU
		Release|Any CPU = Release|Any CPU
	EndGlobalSection
	GlobalSection(ProjectConfigurationPlatforms) = postSolution
		{9908C437-78BC-4D0A-8894-0BEC590E4459}.Debug|Any CPU.ActiveCfg = Debug|Any CPU
		{9908C437-78BC-4D0A-8894-0BEC590E4459}.Debug|Any CPU.Build.0 = Debug|Any CPU
		{9908C437-78BC-4D0A-8894-0BEC590E4459}.Release|Any CPU.ActiveCfg = Release|Any CPU
		{9908C437-78BC-4D0A-8894-0BEC590E4459}.Release|Any CPU.Build.0 = Release|Any CPU
		{4D807E21-219D-4929-89B8-F0ED1F7C013B}.Debug|Any CPU.ActiveCfg = Debug|Any CPU
		{4D807E21-219D-4929-89B8-F0ED1F7C013B}.Debug|Any CPU.Build.0 = Debug|Any CPU
		{4D807E21-219D-4929-89B8-F0ED1F7C013B}.Release|Any CPU.ActiveCfg = Release|Any CPU
		{4D807E21-219D-4929-89B8-F0ED1F7C013B}.Release|Any CPU.Build.0 = Release|Any CPU
		{7F935426-6B46-4354-8E1D-43E71EE718B1}.Debug|Any CPU.ActiveCfg = Debug|Any CPU
		{7F935426-6B46-4354-8E1D-43E71EE718B1}.Debug|Any CPU.Build.0 = Debug|Any CPU
		{7F935426-6B46-4354-8E1D-43E71EE718B1}.Release|Any CPU.ActiveCfg = Release|Any CPU
		{7F935426-6B46-4354-8E1D-43E71EE718B1}.Release|Any CPU.Build.0 = Release|Any CPU
		{D6AD8FE1-FD3E-49FC-B356-A0366017A861}.Debug|Any CPU.ActiveCfg = Debug|Any CPU
		{D6AD8FE1-FD3E-49FC-B356-A0366017A861}.Debug|Any CPU.Build.0 = Debug|Any CPU
		{D6AD8FE1-FD3E-49FC-B356-A0366017A861}.Release|Any CPU.ActiveCfg = Release|Any CPU
		{D6AD8FE1-FD3E-49FC-B356-A0366017A861}.Release|Any CPU.Build.0 = Release|Any CPU
		{7CE5FFBE-C8BD-45A3-850B-3C765BB98396}.Debug|Any CPU.ActiveCfg = Debug|Any CPU
		{7CE5FFBE-C8BD-45A3-850B-3C765BB98396}.Debug|Any CPU.Build.0 = Debug|Any CPU
		{7CE5FFBE-C8BD-45A3-850B-3C765BB98396}.Debug|Any CPU.Deploy.0 = Debug|Any CPU
		{7CE5FFBE-C8BD-45A3-850B-3C765BB98396}.Release|Any CPU.ActiveCfg = Release|Any CPU
		{7CE5FFBE-C8BD-45A3-850B-3C765BB98396}.Release|Any CPU.Build.0 = Release|Any CPU
		{7CE5FFBE-C8BD-45A3-850B-3C765BB98396}.Release|Any CPU.Deploy.0 = Release|Any CPU
		{92A059BC-0ADF-42EC-AC40-2F2467A56BA3}.Debug|Any CPU.ActiveCfg = Debug|Any CPU
		{92A059BC-0ADF-42EC-AC40-2F2467A56BA3}.Debug|Any CPU.Build.0 = Debug|Any CPU
		{92A059BC-0ADF-42EC-AC40-2F2467A56BA3}.Release|Any CPU.ActiveCfg = Release|Any CPU
		{92A059BC-0ADF-42EC-AC40-2F2467A56BA3}.Release|Any CPU.Build.0 = Release|Any CPU
		{F55572F3-3352-48BC-8C35-9D1CA9C7799C}.Debug|Any CPU.ActiveCfg = Debug|Any CPU
		{F55572F3-3352-48BC-8C35-9D1CA9C7799C}.Debug|Any CPU.Build.0 = Debug|Any CPU
		{F55572F3-3352-48BC-8C35-9D1CA9C7799C}.Release|Any CPU.ActiveCfg = Release|Any CPU
		{F55572F3-3352-48BC-8C35-9D1CA9C7799C}.Release|Any CPU.Build.0 = Release|Any CPU
	EndGlobalSection
	GlobalSection(SolutionProperties) = preSolution
		HideSolutionNode = FALSE
	EndGlobalSection
	GlobalSection(NestedProjects) = preSolution
		{9908C437-78BC-4D0A-8894-0BEC590E4459} = {09774FA3-19A2-4FC7-BC05-7A3171CD5D09}
		{4D807E21-219D-4929-89B8-F0ED1F7C013B} = {96292153-4F46-4E97-A458-D6C989AD56F5}
		{7F935426-6B46-4354-8E1D-43E71EE718B1} = {96292153-4F46-4E97-A458-D6C989AD56F5}
		{D6AD8FE1-FD3E-49FC-B356-A0366017A861} = {96292153-4F46-4E97-A458-D6C989AD56F5}
		{7CE5FFBE-C8BD-45A3-850B-3C765BB98396} = {CD1D0D4C-FF23-4726-B965-D0FD987E5FA3}
		{92A059BC-0ADF-42EC-AC40-2F2467A56BA3} = {2E80D126-7B75-4919-897B-B5FFD6135835}
		{F55572F3-3352-48BC-8C35-9D1CA9C7799C} = {2E80D126-7B75-4919-897B-B5FFD6135835}
	EndGlobalSection
EndGlobal
